// !$*UTF8*$!
{
	archiveVersion = 1;
	classes = {
	};
	objectVersion = 56;
	objects = {

/* Begin PBXBuildFile section */
		1A0000000000000000000040 /* NativeIosApp.swift in Sources */ = {isa = PBXBuildFile; fileRef = 1A0000000000000000000030 /* NativeIosApp.swift */; };
		1A0000000000000000000041 /* ContentView.swift in Sources */ = {isa = PBXBuildFile; fileRef = 1A0000000000000000000031 /* ContentView.swift */; };
		1A0000000000000000000042 /* pqc.swift in Sources */ = {isa = PBXBuildFile; fileRef = 1A0000000000000000000032 /* pqc.swift */; };
		1A0000000000000000000043 /* PqcCore.xcframework in Frameworks */ = {isa = PBXBuildFile; fileRef = 1A0000000000000000000034 /* PqcCore.xcframework */; };
		1A0000000000000000000044 /* PqcConfig+Defaults.swift in Sources */ = {isa = PBXBuildFile; fileRef = 1A0000000000000000000035 /* PqcConfig+Defaults.swift */; };
/* End PBXBuildFile section */

/* Begin PBXFileReference section */
		1A0000000000000000000011 /* NativeIos.app */ = {isa = PBXFileReference; explicitFileType = wrapper.application; includeInIndex = 0; path = NativeIos.app; sourceTree = BUILT_PRODUCTS_DIR; };
		1A0000000000000000000030 /* NativeIosApp.swift */ = {isa = PBXFileReference; lastKnownFileType = sourcecode.swift; path = NativeIosApp.swift; sourceTree = "<group>"; };
		1A0000000000000000000031 /* ContentView.swift */ = {isa = PBXFileReference; lastKnownFileType = sourcecode.swift; path = ContentView.swift; sourceTree = "<group>"; };
		1A0000000000000000000033 /* Info.plist */ = {isa = PBXFileReference; lastKnownFileType = text.plist.xml; path = Info.plist; sourceTree = "<group>"; };
		1A0000000000000000000032 /* pqc.swift */ = {isa = PBXFileReference; lastKnownFileType = sourcecode.swift; name = pqc.swift; path = "../../generated/swift/pqc.swift"; sourceTree = SOURCE_ROOT; };
		1A0000000000000000000034 /* PqcCore.xcframework */ = {isa = PBXFileReference; lastKnownFileType = wrapper.xcframework; name = PqcCore.xcframework; path = "../../generated/PqcCore.xcframework"; sourceTree = SOURCE_ROOT; };
		1A0000000000000000000035 /* PqcConfig+Defaults.swift */ = {isa = PBXFileReference; lastKnownFileType = sourcecode.swift; name = "PqcConfig+Defaults.swift"; path = "../../Sources/PqcCore/PqcConfig+Defaults.swift"; sourceTree = SOURCE_ROOT; };
/* End PBXFileReference section */

/* Begin PBXFrameworksBuildPhase section */
		1A0000000000000000000021 /* Frameworks */ = {
			isa = PBXFrameworksBuildPhase;
			buildActionMask = 2147483647;
			files = (
				1A0000000000000000000043 /* PqcCore.xcframework in Frameworks */,
			);
			runOnlyForDeploymentPostprocessing = 0;
		};
/* End PBXFrameworksBuildPhase section */

/* Begin PBXGroup section */
		1A0000000000000000000002 = {
			isa = PBXGroup;
			children = (
				1A0000000000000000000003 /* NativeIos */,
				1A0000000000000000000006 /* PqcCore (generated) */,
				1A0000000000000000000004 /* Products */,
			);
			sourceTree = "<group>";
		};
		1A0000000000000000000003 /* NativeIos */ = {
			isa = PBXGroup;
			children = (
				1A0000000000000000000030 /* NativeIosApp.swift */,
				1A0000000000000000000031 /* ContentView.swift */,
				1A0000000000000000000033 /* Info.plist */,
			);
			path = NativeIos;
			sourceTree = "<group>";
		};
		1A0000000000000000000006 /* PqcCore (generated) */ = {
			isa = PBXGroup;
			children = (
				1A0000000000000000000032 /* pqc.swift */,
				1A0000000000000000000035 /* PqcConfig+Defaults.swift */,
				1A0000000000000000000034 /* PqcCore.xcframework */,
			);
			name = "PqcCore (generated)";
			sourceTree = "<group>";
		};
		1A0000000000000000000004 /* Products */ = {
			isa = PBXGroup;
			children = (
				1A0000000000000000000011 /* NativeIos.app */,
			);
			name = Products;
			sourceTree = "<group>";
		};
/* End PBXGroup section */

/* Begin PBXNativeTarget section */
		1A0000000000000000000010 /* NativeIos */ = {
			isa = PBXNativeTarget;
			buildConfigurationList = 1A0000000000000000000051 /* Build configuration list for PBXNativeTarget "NativeIos" */;
			buildPhases = (
				1A0000000000000000000020 /* Sources */,
				1A0000000000000000000021 /* Frameworks */,
			);
			buildRules = (
			);
			dependencies = (
			);
			name = NativeIos;
			productName = NativeIos;
			productReference = 1A0000000000000000000011 /* NativeIos.app */;
			productType = "com.apple.product-type.application";
		};
/* End PBXNativeTarget section */

/* Begin PBXProject section */
		1A0000000000000000000001 /* Project object */ = {
			isa = PBXProject;
			attributes = {
				BuildIndependentTargetsInParallel = 1;
				LastSwiftUpdateCheck = 1500;
				LastUpgradeCheck = 1500;
				TargetAttributes = {
					1A0000000000000000000010 = {
						CreatedOnToolsVersion = 15.0;
					};
				};
			};
			buildConfigurationList = 1A0000000000000000000050 /* Build configuration list for PBXProject "NativeIos" */;
			compatibilityVersion = "Xcode 14.0";
			developmentRegion = en;
			hasScannedForEncodings = 0;
			knownRegions = (
				en,
				Base,
			);
			mainGroup = 1A0000000000000000000002;
			productRefGroup = 1A0000000000000000000004 /* Products */;
			projectDirPath = "";
			projectRoot = "";
			targets = (
				1A0000000000000000000010 /* NativeIos */,
			);
		};
/* End PBXProject section */

/* Begin PBXSourcesBuildPhase section */
		1A0000000000000000000020 /* Sources */ = {
			isa = PBXSourcesBuildPhase;
			buildActionMask = 2147483647;
			files = (
				1A0000000000000000000041 /* ContentView.swift in Sources */,
				1A0000000000000000000040 /* NativeIosApp.swift in Sources */,
				1A0000000000000000000042 /* pqc.swift in Sources */,
				1A0000000000000000000044 /* PqcConfig+Defaults.swift in Sources */,
			);
			runOnlyForDeploymentPostprocessing = 0;
		};
/* End PBXSourcesBuildPhase section */

/* Begin XCBuildConfiguration section */
		1A0000000000000000000052 /* Debug */ = {
			isa = XCBuildConfiguration;
			buildSettings = {
				ALWAYS_SEARCH_USER_PATHS = NO;
				CLANG_ANALYZER_NONNULL = YES;
				CLANG_ENABLE_MODULES = YES;
				CLANG_ENABLE_OBJC_ARC = YES;
				COPY_PHASE_STRIP = NO;
				DEBUG_INFORMATION_FORMAT = dwarf;
				ENABLE_STRICT_OBJC_MSGSEND = YES;
				ENABLE_TESTABILITY = YES;
				ENABLE_USER_SCRIPT_SANDBOXING = NO;
				GCC_DYNAMIC_NO_PIC = NO;
				GCC_OPTIMIZATION_LEVEL = 0;
				GCC_PREPROCESSOR_DEFINITIONS = (
					"DEBUG=1",
					"$(inherited)",
				);
				IPHONEOS_DEPLOYMENT_TARGET = 15.0;
				MTL_ENABLE_DEBUG_INFO = INCLUDE_SOURCE;
				ONLY_ACTIVE_ARCH = YES;
				SDKROOT = iphoneos;
				SWIFT_ACTIVE_COMPILATION_CONDITIONS = DEBUG;
				SWIFT_OPTIMIZATION_LEVEL = "-Onone";
			};
			name = Debug;
		};
		1A0000000000000000000053 /* Release */ = {
			isa = XCBuildConfiguration;
			buildSettings = {
				ALWAYS_SEARCH_USER_PATHS = NO;
				CLANG_ANALYZER_NONNULL = YES;
				CLANG_ENABLE_MODULES = YES;
				CLANG_ENABLE_OBJC_ARC = YES;
				COPY_PHASE_STRIP = NO;
				DEBUG_INFORMATION_FORMAT = "dwarf-with-dsym";
				ENABLE_NS_ASSERTIONS = NO;
				ENABLE_STRICT_OBJC_MSGSEND = YES;
				ENABLE_USER_SCRIPT_SANDBOXING = NO;
				IPHONEOS_DEPLOYMENT_TARGET = 15.0;
				MTL_ENABLE_DEBUG_INFO = NO;
				SDKROOT = iphoneos;
				SWIFT_COMPILATION_MODE = wholemodule;
				SWIFT_OPTIMIZATION_LEVEL = "-O";
				VALIDATE_PRODUCT = YES;
			};
			name = Release;
		};
		1A0000000000000000000054 /* Debug */ = {
			isa = XCBuildConfiguration;
			buildSettings = {
				ASSETCATALOG_COMPILER_GENERATE_ASSET_SYMBOLS = NO;
				CODE_SIGN_STYLE = Automatic;
				CURRENT_PROJECT_VERSION = 1;
				ENABLE_PREVIEWS = YES;
				GENERATE_INFOPLIST_FILE = NO;
				INFOPLIST_FILE = NativeIos/Info.plist;
				IPHONEOS_DEPLOYMENT_TARGET = 15.0;
				LD_RUNPATH_SEARCH_PATHS = (
					"$(inherited)",
					"@executable_path/Frameworks",
				);
				MARKETING_VERSION = 1.0;
				OTHER_LDFLAGS = (
					"-lc++",
					"-framework",
					Security,
					"-framework",
					SystemConfiguration,
				);
				PRODUCT_BUNDLE_IDENTIFIER = "io.github.sriharsha-y.PqcNativeIos";
				PRODUCT_NAME = "$(TARGET_NAME)";
				SWIFT_EMIT_LOC_STRINGS = YES;
				SWIFT_VERSION = 5.9;
				TARGETED_DEVICE_FAMILY = "1,2";
			};
			name = Debug;
		};
		1A0000000000000000000055 /* Release */ = {
			isa = XCBuildConfiguration;
			buildSettings = {
				ASSETCATALOG_COMPILER_GENERATE_ASSET_SYMBOLS = NO;
				CODE_SIGN_STYLE = Automatic;
				CURRENT_PROJECT_VERSION = 1;
				ENABLE_PREVIEWS = YES;
				GENERATE_INFOPLIST_FILE = NO;
				INFOPLIST_FILE = NativeIos/Info.plist;
				IPHONEOS_DEPLOYMENT_TARGET = 15.0;
				LD_RUNPATH_SEARCH_PATHS = (
					"$(inherited)",
					"@executable_path/Frameworks",
				);
				MARKETING_VERSION = 1.0;
				OTHER_LDFLAGS = (
					"-lc++",
					"-framework",
					Security,
					"-framework",
					SystemConfiguration,
				);
				PRODUCT_BUNDLE_IDENTIFIER = "io.github.sriharsha-y.PqcNativeIos";
				PRODUCT_NAME = "$(TARGET_NAME)";
				SWIFT_EMIT_LOC_STRINGS = YES;
				SWIFT_VERSION = 5.9;
				TARGETED_DEVICE_FAMILY = "1,2";
			};
			name = Release;
		};
/* End XCBuildConfiguration section */

/* Begin XCConfigurationList section */
		1A0000000000000000000050 /* Build configuration list for PBXProject "NativeIos" */ = {
			isa = XCConfigurationList;
			buildConfigurations = (
				1A0000000000000000000052 /* Debug */,
				1A0000000000000000000053 /* Release */,
			);
			defaultConfigurationIsVisible = 0;
			defaultConfigurationName = Release;
		};
		1A0000000000000000000051 /* Build configuration list for PBXNativeTarget "NativeIos" */ = {
			isa = XCConfigurationList;
			buildConfigurations = (
				1A0000000000000000000054 /* Debug */,
				1A0000000000000000000055 /* Release */,
			);
			defaultConfigurationIsVisible = 0;
			defaultConfigurationName = Release;
		};
/* End XCConfigurationList section */
	};
	rootObject = 1A0000000000000000000001 /* Project object */;
}
